
Microsoft Visual Studio Solution File, Format Version 12.00
# Visual Studio Version 16
VisualStudioVersion = 16.0.34114.132
MinimumVisualStudioVersion = 10.0.40219.1
Project("{9A19103F-16F7-4668-BE54-9A1E7A4F7556}") = "Test_API", "Test_API\Test_API.csproj", "{A0B19F62-6B82-42E7-ACB6-517E30050D53}"
EndProject
Project("{FAE04EC0-301F-11D3-BF4B-00C04F79EFBC}") = "ConsumAPI", "ConsumAPI\ConsumAPI.csproj", "{51F4D82D-FDE3-4877-8246-C8D7D43B0D8D}"
EndProject
Global
	GlobalSection(SolutionConfigurationPlatforms) = preSolution
		Debug|Any CPU = Debug|Any CPU
		Release|Any CPU = Release|Any CPU
	EndGlobalSection
	GlobalSection(ProjectConfigurationPlatforms) = postSolution
		{A0B19F62-6B82-42E7-ACB6-517E30050D53}.Debug|Any CPU.ActiveCfg = Debug|Any CPU
		{A0B19F62-6B82-42E7-ACB6-517E30050D53}.Debug|Any CPU.Build.0 = Debug|Any CPU
		{A0B19F62-6B82-42E7-ACB6-517E30050D53}.Release|Any CPU.ActiveCfg = Release|Any CPU
		{A0B19F62-6B82-42E7-ACB6-517E30050D53}.Release|Any CPU.Build.0 = Release|Any CPU
		{51F4D82D-FDE3-4877-8246-C8D7D43B0D8D}.Debug|Any CPU.ActiveCfg = Debug|Any CPU
		{51F4D82D-FDE3-4877-8246-C8D7D43B0D8D}.Debug|Any CPU.Build.0 = Debug|Any CPU
		{51F4D82D-FDE3-4877-8246-C8D7D43B0D8D}.Release|Any CPU.ActiveCfg = Release|Any CPU
		{51F4D82D-FDE3-4877-8246-C8D7D43B0D8D}.Release|Any CPU.Build.0 = Release|Any CPU
	EndGlobalSection
	GlobalSection(SolutionProperties) = preSolution
		HideSolutionNode = FALSE
	EndGlobalSection
	GlobalSection(ExtensibilityGlobals) = postSolution
		SolutionGuid = {67ABCFAE-BA71-4B41-BE6B-7B9D5C7BEF0E}
	EndGlobalSection
EndGlobal
